github.com/google/hilbert v0.0.0-20181122061418-320f2e35a565 h1:KBAlCAY6eLC44FiEwbzEbHnpVlw15iVM4ZK8QpRIp4U=
github.com/google/hilbert v0.0.0-20181122061418-320f2e35a565/go.mod h1:xn6EodFfRzV6j8NXQRPjngeHWlrpOrsZPKuuLRThU1k=
github.com/jtejido/hilbert v0.0.0-20190401142904-e729494a836b h1:T7Wp4cvysvC1DzDD0pK+q7DHB3SRnmLG37mNyc9rVDc=
github.com/jtejido/hilbert v0.0.0-20190401142904-e729494a836b/go.mod h1:1XmCIooQbw9+faeRuTSPhS+Y8ro3Oe5rcjqHZy9vnTE=
